// !$*UTF8*$!
{
	archiveVersion = 1;
	classes = {
	};
	objectVersion = 56;
	objects = {

/* Begin PBXBuildFile section */
		2F27B6952AD07CD90062640B /* ContentView.swift in Sources */ = {isa = PBXBuildFile; fileRef = 2F27B6942AD07CD90062640B /* ContentView.swift */; };
		2F27B6972AD07CDC0062640B /* Assets.xcassets in Resources */ = {isa = PBXBuildFile; fileRef = 2F27B6962AD07CDC0062640B /* Assets.xcassets */; };
		2F27B69A2AD07CDC0062640B /* Preview Assets.xcassets in Resources */ = {isa = PBXBuildFile; fileRef = 2F27B6992AD07CDC0062640B /* Preview Assets.xcassets */; };
		2F27B6A42AD07CDD0062640B /* iosCalculatorTests.swift in Sources */ = {isa = PBXBuildFile; fileRef = 2F27B6A32AD07CDD0062640B /* iosCalculatorTests.swift */; };
		2F27B6AE2AD07CDD0062640B /* iosCalculatorUITests.swift in Sources */ = {isa = PBXBuildFile; fileRef = 2F27B6AD2AD07CDD0062640B /* iosCalculatorUITests.swift */; };
		2F27B6B02AD07CDD0062640B /* iosCalculatorUITestsLaunchTests.swift in Sources */ = {isa = PBXBuildFile; fileRef = 2F27B6AF2AD07CDD0062640B /* iosCalculatorUITestsLaunchTests.swift */; };
		2FEF60772AD0C85900F3221E /* iosCalculatorApp.swift in Sources */ = {isa = PBXBuildFile; fileRef = 2FEF60762AD0C85900F3221E /* iosCalculatorApp.swift */; };
		2FEF60792AD0C87600F3221E /* CalcButton.swift in Sources */ = {isa = PBXBuildFile; fileRef = 2FEF60782AD0C87600F3221E /* CalcButton.swift */; };
/* End PBXBuildFile section */

/* Begin PBXContainerItemProxy section */
		2F27B6A02AD07CDD0062640B /* PBXContainerItemProxy */ = {
			isa = PBXContainerItemProxy;
			containerPortal = 2F27B6872AD07CD90062640B /* Project object */;
			proxyType = 1;
			remoteGlobalIDString = 2F27B68E2AD07CD90062640B;
			remoteInfo = iosCalculator;
		};
		2F27B6AA2AD07CDD0062640B /* PBXContainerItemProxy */ = {
			isa = PBXContainerItemProxy;
			containerPortal = 2F27B6872AD07CD90062640B /* Project object */;
			proxyType = 1;
			remoteGlobalIDString = 2F27B68E2AD07CD90062640B;
			remoteInfo = iosCalculator;
		};
/* End PBXContainerItemProxy section */

/* Begin PBXFileReference section */
		2F27B68F2AD07CD90062640B /* iosCalculator.app */ = {isa = PBXFileReference; explicitFileType = wrapper.application; includeInIndex = 0; path = iosCalculator.app; sourceTree = BUILT_PRODUCTS_DIR; };
		2F27B6942AD07CD90062640B /* ContentView.swift */ = {isa = PBXFileReference; lastKnownFileType = sourcecode.swift; path = ContentView.swift; sourceTree = "<group>"; };
		2F27B6962AD07CDC0062640B /* Assets.xcassets */ = {isa = PBXFileReference; lastKnownFileType = folder.assetcatalog; path = Assets.xcassets; sourceTree = "<group>"; };
		2F27B6992AD07CDC0062640B /* Preview Assets.xcassets */ = {isa = PBXFileReference; lastKnownFileType = folder.assetcatalog; path = "Preview Assets.xcassets"; sourceTree = "<group>"; };
		2F27B69F2AD07CDD0062640B /* iosCalculatorTests.xctest */ = {isa = PBXFileReference; explicitFileType = wrapper.cfbundle; includeInIndex = 0; path = iosCalculatorTests.xctest; sourceTree = BUILT_PRODUCTS_DIR; };
		2F27B6A32AD07CDD0062640B /* iosCalculatorTests.swift */ = {isa = PBXFileReference; lastKnownFileType = sourcecode.swift; path = iosCalculatorTests.swift; sourceTree = "<group>"; };
		2F27B6A92AD07CDD0062640B /* iosCalculatorUITests.xctest */ = {isa = PBXFileReference; explicitFileType = wrapper.cfbundle; includeInIndex = 0; path = iosCalculatorUITests.xctest; sourceTree = BUILT_PRODUCTS_DIR; };
		2F27B6AD2AD07CDD0062640B /* iosCalculatorUITests.swift */ = {isa = PBXFileReference; lastKnownFileType = sourcecode.swift; path = iosCalculatorUITests.swift; sourceTree = "<group>"; };
		2F27B6AF2AD07CDD0062640B /* iosCalculatorUITestsLaunchTests.swift */ = {isa = PBXFileReference; lastKnownFileType = sourcecode.swift; path = iosCalculatorUITestsLaunchTests.swift; sourceTree = "<group>"; };
		2FEF60762AD0C85900F3221E /* iosCalculatorApp.swift */ = {isa = PBXFileReference; fileEncoding = 4; lastKnownFileType = sourcecode.swift; name = iosCalculatorApp.swift; path = iosCalculator/iosCalculatorApp.swift; sourceTree = SOURCE_ROOT; };
		2FEF60782AD0C87600F3221E /* CalcButton.swift */ = {isa = PBXFileReference; fileEncoding = 4; lastKnownFileType = sourcecode.swift; path = CalcButton.swift; sourceTree = "<group>"; };
/* End PBXFileReference section */

/* Begin PBXFrameworksBuildPhase section */
		2F27B68C2AD07CD90062640B /* Frameworks */ = {
			isa = PBXFrameworksBuildPhase;
			buildActionMask = 2147483647;
			files = (
			);
			runOnlyForDeploymentPostprocessing = 0;
		};
		2F27B69C2AD07CDD0062640B /* Frameworks */ = {
			isa = PBXFrameworksBuildPhase;
			buildActionMask = 2147483647;
			files = (
			);
			runOnlyForDeploymentPostprocessing = 0;
		};
		2F27B6A62AD07CDD0062640B /* Frameworks */ = {
			isa = PBXFrameworksBuildPhase;
			buildActionMask = 2147483647;
			files = (
			);
			runOnlyForDeploymentPostprocessing = 0;
		};
/* End PBXFrameworksBuildPhase section */

/* Begin PBXGroup section */
		2F27B6862AD07CD90062640B = {
			isa = PBXGroup;
			children = (
				2F27B6912AD07CD90062640B /* iosCalculator */,
				2F27B6A22AD07CDD0062640B /* iosCalculatorTests */,
				2F27B6AC2AD07CDD0062640B /* iosCalculatorUITests */,
				2F27B6902AD07CD90062640B /* Products */,
			);
			sourceTree = "<group>";
		};
		2F27B6902AD07CD90062640B /* Products */ = {
			isa = PBXGroup;
			children = (
				2F27B68F2AD07CD90062640B /* iosCalculator.app */,
				2F27B69F2AD07CDD0062640B /* iosCalculatorTests.xctest */,
				2F27B6A92AD07CDD0062640B /* iosCalculatorUITests.xctest */,
			);
			name = Products;
			sourceTree = "<group>";
		};
		2F27B6912AD07CD90062640B /* iosCalculator */ = {
			isa = PBXGroup;
			children = (
				2F27B6942AD07CD90062640B /* ContentView.swift */,
				2FEF60782AD0C87600F3221E /* CalcButton.swift */,
				2FEF60762AD0C85900F3221E /* iosCalculatorApp.swift */,
				2F27B6962AD07CDC0062640B /* Assets.xcassets */,
				2F27B6982AD07CDC0062640B /* Preview Content */,
			);
			path = iosCalculator;
			sourceTree = "<group>";
		};
		2F27B6982AD07CDC0062640B /* Preview Content */ = {
			isa = PBXGroup;
			children = (
				2F27B6992AD07CDC0062640B /* Preview Assets.xcassets */,
			);
			path = "Preview Content";
			sourceTree = "<group>";
		};
		2F27B6A22AD07CDD0062640B /* iosCalculatorTests */ = {
			isa = PBXGroup;
			children = (
				2F27B6A32AD07CDD0062640B /* iosCalculatorTests.swift */,
			);
			path = iosCalculatorTests;
			sourceTree = "<group>";
		};
		2F27B6AC2AD07CDD0062640B /* iosCalculatorUITests */ = {
			isa = PBXGroup;
			children = (
				2F27B6AD2AD07CDD0062640B /* iosCalculatorUITests.swift */,
				2F27B6AF2AD07CDD0062640B /* iosCalculatorUITestsLaunchTests.swift */,
			);
			path = iosCalculatorUITests;
			sourceTree = "<group>";
		};
/* End PBXGroup section */

/* Begin PBXNativeTarget section */
		2F27B68E2AD07CD90062640B /* iosCalculator */ = {
			isa = PBXNativeTarget;
			buildConfigurationList = 2F27B6B32AD07CDD0062640B /* Build configuration list for PBXNativeTarget "iosCalculator" */;
			buildPhases = (
				2F27B68B2AD07CD90062640B /* Sources */,
				2F27B68C2AD07CD90062640B /* Frameworks */,
				2F27B68D2AD07CD90062640B /* Resources */,
			);
			buildRules = (
			);
			dependencies = (
			);
			name = iosCalculator;
			productName = iosCalculator;
			productReference = 2F27B68F2AD07CD90062640B /* iosCalculator.app */;
			productType = "com.apple.product-type.application";
		};
		2F27B69E2AD07CDD0062640B /* iosCalculatorTests */ = {
			isa = PBXNativeTarget;
			buildConfigurationList = 2F27B6B62AD07CDD0062640B /* Build configuration list for PBXNativeTarget "iosCalculatorTests" */;
			buildPhases = (
				2F27B69B2AD07CDD0062640B /* Sources */,
				2F27B69C2AD07CDD0062640B /* Frameworks */,
				2F27B69D2AD07CDD0062640B /* Resources */,
			);
			buildRules = (
			);
			dependencies = (
				2F27B6A12AD07CDD0062640B /* PBXTargetDependency */,
			);
			name = iosCalculatorTests;
			productName = iosCalculatorTests;
			productReference = 2F27B69F2AD07CDD0062640B /* iosCalculatorTests.xctest */;
			productType = "com.apple.product-type.bundle.unit-test";
		};
		2F27B6A82AD07CDD0062640B /* iosCalculatorUITests */ = {
			isa = PBXNativeTarget;
			buildConfigurationList = 2F27B6B92AD07CDD0062640B /* Build configuration list for PBXNativeTarget "iosCalculatorUITests" */;
			buildPhases = (
				2F27B6A52AD07CDD0062640B /* Sources */,
				2F27B6A62AD07CDD0062640B /* Frameworks */,
				2F27B6A72AD07CDD0062640B /* Resources */,
			);
			buildRules = (
			);
			dependencies = (
				2F27B6AB2AD07CDD0062640B /* PBXTargetDependency */,
			);
			name = iosCalculatorUITests;
			productName = iosCalculatorUITests;
			productReference = 2F27B6A92AD07CDD0062640B /* iosCalculatorUITests.xctest */;
			productType = "com.apple.product-type.bundle.ui-testing";
		};
/* End PBXNativeTarget section */

/* Begin PBXProject section */
		2F27B6872AD07CD90062640B /* Project object */ = {
			isa = PBXProject;
			attributes = {
				BuildIndependentTargetsInParallel = 1;
				LastSwiftUpdateCheck = 1500;
				LastUpgradeCheck = 1500;
				TargetAttributes = {
					2F27B68E2AD07CD90062640B = {
						CreatedOnToolsVersion = 15.0;
					};
					2F27B69E2AD07CDD0062640B = {
						CreatedOnToolsVersion = 15.0;
						TestTargetID = 2F27B68E2AD07CD90062640B;
					};
					2F27B6A82AD07CDD0062640B = {
						CreatedOnToolsVersion = 15.0;
						TestTargetID = 2F27B68E2AD07CD90062640B;
					};
				};
			};
			buildConfigurationList = 2F27B68A2AD07CD90062640B /* Build configuration list for PBXProject "iosCalculator" */;
			compatibilityVersion = "Xcode 14.0";
			developmentRegion = en;
			hasScannedForEncodings = 0;
			knownRegions = (
				en,
				Base,
			);
			mainGroup = 2F27B6862AD07CD90062640B;
			productRefGroup = 2F27B6902AD07CD90062640B /* Products */;
			projectDirPath = "";
			projectRoot = "";
			targets = (
				2F27B68E2AD07CD90062640B /* iosCalculator */,
				2F27B69E2AD07CDD0062640B /* iosCalculatorTests */,
				2F27B6A82AD07CDD0062640B /* iosCalculatorUITests */,
			);
		};
/* End PBXProject section */

/* Begin PBXResourcesBuildPhase section */
		2F27B68D2AD07CD90062640B /* Resources */ = {
			isa = PBXResourcesBuildPhase;
			buildActionMask = 2147483647;
			files = (
				2F27B69A2AD07CDC0062640B /* Preview Assets.xcassets in Resources */,
				2F27B6972AD07CDC0062640B /* Assets.xcassets in Resources */,
			);
			runOnlyForDeploymentPostprocessing = 0;
		};
		2F27B69D2AD07CDD0062640B /* Resources */ = {
			isa = PBXResourcesBuildPhase;
			buildActionMask = 2147483647;
			files = (
			);
			runOnlyForDeploymentPostprocessing = 0;
		};
		2F27B6A72AD07CDD0062640B /* Resources */ = {
			isa = PBXResourcesBuildPhase;
			buildActionMask = 2147483647;
			files = (
			);
			runOnlyForDeploymentPostprocessing = 0;
		};
/* End PBXResourcesBuildPhase section */

/* Begin PBXSourcesBuildPhase section */
		2F27B68B2AD07CD90062640B /* Sources */ = {
			isa = PBXSourcesBuildPhase;
			buildActionMask = 2147483647;
			files = (
				2F27B6952AD07CD90062640B /* ContentView.swift in Sources */,
				2FEF60792AD0C87600F3221E /* CalcButton.swift in Sources */,
				2FEF60772AD0C85900F3221E /* iosCalculatorApp.swift in Sources */,
			);
			runOnlyForDeploymentPostprocessing = 0;
		};
		2F27B69B2AD07CDD0062640B /* Sources */ = {
			isa = PBXSourcesBuildPhase;
			buildActionMask = 2147483647;
			files = (
				2F27B6A42AD07CDD0062640B /* iosCalculatorTests.swift in Sources */,
			);
			runOnlyForDeploymentPostprocessing = 0;
		};
		2F27B6A52AD07CDD0062640B /* Sources */ = {
			isa = PBXSourcesBuildPhase;
			buildActionMask = 2147483647;
			files = (
				2F27B6B02AD07CDD0062640B /* iosCalculatorUITestsLaunchTests.swift in Sources */,
				2F27B6AE2AD07CDD0062640B /* iosCalculatorUITests.swift in Sources */,
			);
			runOnlyForDeploymentPostprocessing = 0;
		};
/* End PBXSourcesBuildPhase section */

/* Begin PBXTargetDependency section */
		2F27B6A12AD07CDD0062640B /* PBXTargetDependency */ = {
			isa = PBXTargetDependency;
			target = 2F27B68E2AD07CD90062640B /* iosCalculator */;
			targetProxy = 2F27B6A02AD07CDD0062640B /* PBXContainerItemProxy */;
		};
		2F27B6AB2AD07CDD0062640B /* PBXTargetDependency */ = {
			isa = PBXTargetDependency;
			target = 2F27B68E2AD07CD90062640B /* iosCalculator */;
			targetProxy = 2F27B6AA2AD07CDD0062640B /* PBXContainerItemProxy */;
		};
/* End PBXTargetDependency section */

/* Begin XCBuildConfiguration section */
		2F27B6B12AD07CDD0062640B /* Debug */ = {
			isa = XCBuildConfiguration;
			buildSettings = {
				ALWAYS_SEARCH_USER_PATHS = NO;
				ASSETCATALOG_COMPILER_GENERATE_SWIFT_ASSET_SYMBOL_EXTENSIONS = YES;
				CLANG_ANALYZER_NONNULL = YES;
				CLANG_ANALYZER_NUMBER_OBJECT_CONVERSION = YES_AGGRESSIVE;
				CLANG_CXX_LANGUAGE_STANDARD = "gnu++20";
				CLANG_ENABLE_MODULES = YES;
				CLANG_ENABLE_OBJC_ARC = YES;
				CLANG_ENABLE_OBJC_WEAK = YES;
				CLANG_WARN_BLOCK_CAPTURE_AUTORELEASING = YES;
				CLANG_WARN_BOOL_CONVERSION = YES;
				CLANG_WARN_COMMA = YES;
				CLANG_WARN_CONSTANT_CONVERSION = YES;
				CLANG_WARN_DEPRECATED_OBJC_IMPLEMENTATIONS = YES;
				CLANG_WARN_DIRECT_OBJC_ISA_USAGE = YES_ERROR;
				CLANG_WARN_DOCUMENTATION_COMMENTS = YES;
				CLANG_WARN_EMPTY_BODY = YES;
				CLANG_WARN_ENUM_CONVERSION = YES;
				CLANG_WARN_INFINITE_RECURSION = YES;
				CLANG_WARN_INT_CONVERSION = YES;
				CLANG_WARN_NON_LITERAL_NULL_CONVERSION = YES;
				CLANG_WARN_OBJC_IMPLICIT_RETAIN_SELF = YES;
				CLANG_WARN_OBJC_LITERAL_CONVERSION = YES;
				CLANG_WARN_OBJC_ROOT_CLASS = YES_ERROR;
				CLANG_WARN_QUOTED_INCLUDE_IN_FRAMEWORK_HEADER = YES;
				CLANG_WARN_RANGE_LOOP_ANALYSIS = YES;
				CLANG_WARN_STRICT_PROTOTYPES = YES;
				CLANG_WARN_SUSPICIOUS_MOVE = YES;
				CLANG_WARN_UNGUARDED_AVAILABILITY = YES_AGGRESSIVE;
				CLANG_WARN_UNREACHABLE_CODE = YES;
				CLANG_WARN__DUPLICATE_METHOD_MATCH = YES;
				COPY_PHASE_STRIP = NO;
				DEBUG_INFORMATION_FORMAT = dwarf;
				ENABLE_STRICT_OBJC_MSGSEND = YES;
				ENABLE_TESTABILITY = YES;
				ENABLE_USER_SCRIPT_SANDBOXING = YES;
				GCC_C_LANGUAGE_STANDARD = gnu17;
				GCC_DYNAMIC_NO_PIC = NO;
				GCC_NO_COMMON_BLOCKS = YES;
				GCC_OPTIMIZATION_LEVEL = 0;
				GCC_PREPROCESSOR_DEFINITIONS = (
					"DEBUG=1",
					"$(inherited)",
				);
				GCC_WARN_64_TO_32_BIT_CONVERSION = YES;
				GCC_WARN_ABOUT_RETURN_TYPE = YES_ERROR;
				GCC_WARN_UNDECLARED_SELECTOR = YES;
				GCC_WARN_UNINITIALIZED_AUTOS = YES_AGGRESSIVE;
				GCC_WARN_UNUSED_FUNCTION = YES;
				GCC_WARN_UNUSED_VARIABLE = YES;
				IPHONEOS_DEPLOYMENT_TARGET = 17.0;
				LOCALIZATION_PREFERS_STRING_CATALOGS = YES;
				MTL_ENABLE_DEBUG_INFO = INCLUDE_SOURCE;
				MTL_FAST_MATH = YES;
				ONLY_ACTIVE_ARCH = YES;
				SDKROOT = iphoneos;
				SWIFT_ACTIVE_COMPILATION_CONDITIONS = "DEBUG $(inherited)";
				SWIFT_OPTIMIZATION_LEVEL = "-Onone";
			};
			name = Debug;
		};
		2F27B6B22AD07CDD0062640B /* Release */ = {
			isa = XCBuildConfiguration;
			buildSettings = {
				ALWAYS_SEARCH_USER_PATHS = NO;
				ASSETCATALOG_COMPILER_GENERATE_SWIFT_ASSET_SYMBOL_EXTENSIONS = YES;
				CLANG_ANALYZER_NONNULL = YES;
				CLANG_ANALYZER_NUMBER_OBJECT_CONVERSION = YES_AGGRESSIVE;
				CLANG_CXX_LANGUAGE_STANDARD = "gnu++20";
				CLANG_ENABLE_MODULES = YES;
				CLANG_ENABLE_OBJC_ARC = YES;
				CLANG_ENABLE_OBJC_WEAK = YES;
				CLANG_WARN_BLOCK_CAPTURE_AUTORELEASING = YES;
				CLANG_WARN_BOOL_CONVERSION = YES;
				CLANG_WARN_COMMA = YES;
				CLANG_WARN_CONSTANT_CONVERSION = YES;
				CLANG_WARN_DEPRECATED_OBJC_IMPLEMENTATIONS = YES;
				CLANG_WARN_DIRECT_OBJC_ISA_USAGE = YES_ERROR;
				CLANG_WARN_DOCUMENTATION_COMMENTS = YES;
				CLANG_WARN_EMPTY_BODY = YES;
				CLANG_WARN_ENUM_CONVERSION = YES;
				CLANG_WARN_INFINITE_RECURSION = YES;
				CLANG_WARN_INT_CONVERSION = YES;
				CLANG_WARN_NON_LITERAL_NULL_CONVERSION = YES;
				CLANG_WARN_OBJC_IMPLICIT_RETAIN_SELF = YES;
				CLANG_WARN_OBJC_LITERAL_CONVERSION = YES;
				CLANG_WARN_OBJC_ROOT_CLASS = YES_ERROR;
				CLANG_WARN_QUOTED_INCLUDE_IN_FRAMEWORK_HEADER = YES;
				CLANG_WARN_RANGE_LOOP_ANALYSIS = YES;
				CLANG_WARN_STRICT_PROTOTYPES = YES;
				CLANG_WARN_SUSPICIOUS_MOVE = YES;
				CLANG_WARN_UNGUARDED_AVAILABILITY = YES_AGGRESSIVE;
				CLANG_WARN_UNREACHABLE_CODE = YES;
				CLANG_WARN__DUPLICATE_METHOD_MATCH = YES;
				COPY_PHASE_STRIP = NO;
				DEBUG_INFORMATION_FORMAT = "dwarf-with-dsym";
				ENABLE_NS_ASSERTIONS = NO;
				ENABLE_STRICT_OBJC_MSGSEND = YES;
				ENABLE_USER_SCRIPT_SANDBOXING = YES;
				GCC_C_LANGUAGE_STANDARD = gnu17;
				GCC_NO_COMMON_BLOCKS = YES;
				GCC_WARN_64_TO_32_BIT_CONVERSION = YES;
				GCC_WARN_ABOUT_RETURN_TYPE = YES_ERROR;
				GCC_WARN_UNDECLARED_SELECTOR = YES;
				GCC_WARN_UNINITIALIZED_AUTOS = YES_AGGRESSIVE;
				GCC_WARN_UNUSED_FUNCTION = YES;
				GCC_WARN_UNUSED_VARIABLE = YES;
				IPHONEOS_DEPLOYMENT_TARGET = 17.0;
				LOCALIZATION_PREFERS_STRING_CATALOGS = YES;
				MTL_ENABLE_DEBUG_INFO = NO;
				MTL_FAST_MATH = YES;
				SDKROOT = iphoneos;
				SWIFT_COMPILATION_MODE = wholemodule;
				VALIDATE_PRODUCT = YES;
			};
			name = Release;
		};
		2F27B6B42AD07CDD0062640B /* Debug */ = {
			isa = XCBuildConfiguration;
			buildSettings = {
				ASSETCATALOG_COMPILER_APPICON_NAME = AppIcon;
				ASSETCATALOG_COMPILER_GLOBAL_ACCENT_COLOR_NAME = AccentColor;
				CODE_SIGN_STYLE = Automatic;
				CURRENT_PROJECT_VERSION = 1;
				DEVELOPMENT_ASSET_PATHS = "\"iosCalculator/Preview Content\"";
				DEVELOPMENT_TEAM = 8LX2UKX6SY;
				ENABLE_PREVIEWS = YES;
				GENERATE_INFOPLIST_FILE = YES;
				INFOPLIST_KEY_UIApplicationSceneManifest_Generation = YES;
				INFOPLIST_KEY_UIApplicationSupportsIndirectInputEvents = YES;
				INFOPLIST_KEY_UILaunchScreen_Generation = YES;
				INFOPLIST_KEY_UISupportedInterfaceOrientations_iPad = "UIInterfaceOrientationPortrait UIInterfaceOrientationPortraitUpsideDown UIInterfaceOrientationLandscapeLeft UIInterfaceOrientationLandscapeRight";
				INFOPLIST_KEY_UISupportedInterfaceOrientations_iPhone = "UIInterfaceOrientationPortrait UIInterfaceOrientationLandscapeLeft UIInterfaceOrientationLandscapeRight";
				LD_RUNPATH_SEARCH_PATHS = (
					"$(inherited)",
					"@executable_path/Frameworks",
				);
				MARKETING_VERSION = 1.0;
				PRODUCT_BUNDLE_IDENTIFIER = varajani.iosCalculator;
				PRODUCT_NAME = "$(TARGET_NAME)";
				SWIFT_EMIT_LOC_STRINGS = YES;
				SWIFT_VERSION = 5.0;
				TARGETED_DEVICE_FAMILY = "1,2";
			};
			name = Debug;
		};
		2F27B6B52AD07CDD0062640B /* Release */ = {
			isa = XCBuildConfiguration;
			buildSettings = {
				ASSETCATALOG_COMPILER_APPICON_NAME = AppIcon;
				ASSETCATALOG_COMPILER_GLOBAL_ACCENT_COLOR_NAME = AccentColor;
				CODE_SIGN_STYLE = Automatic;
				CURRENT_PROJECT_VERSION = 1;
				DEVELOPMENT_ASSET_PATHS = "\"iosCalculator/Preview Content\"";
				DEVELOPMENT_TEAM = 8LX2UKX6SY;
				ENABLE_PREVIEWS = YES;
				GENERATE_INFOPLIST_FILE = YES;
				INFOPLIST_KEY_UIApplicationSceneManifest_Generation = YES;
				INFOPLIST_KEY_UIApplicationSupportsIndirectInputEvents = YES;
				INFOPLIST_KEY_UILaunchScreen_Generation = YES;
				INFOPLIST_KEY_UISupportedInterfaceOrientations_iPad = "UIInterfaceOrientationPortrait UIInterfaceOrientationPortraitUpsideDown UIInterfaceOrientationLandscapeLeft UIInterfaceOrientationLandscapeRight";
				INFOPLIST_KEY_UISupportedInterfaceOrientations_iPhone = "UIInterfaceOrientationPortrait UIInterfaceOrientationLandscapeLeft UIInterfaceOrientationLandscapeRight";
				LD_RUNPATH_SEARCH_PATHS = (
					"$(inherited)",
					"@executable_path/Frameworks",
				);
				MARKETING_VERSION = 1.0;
				PRODUCT_BUNDLE_IDENTIFIER = varajani.iosCalculator;
				PRODUCT_NAME = "$(TARGET_NAME)";
				SWIFT_EMIT_LOC_STRINGS = YES;
				SWIFT_VERSION = 5.0;
				TARGETED_DEVICE_FAMILY = "1,2";
			};
			name = Release;
		};
		2F27B6B72AD07CDD0062640B /* Debug */ = {
			isa = XCBuildConfiguration;
			buildSettings = {
				ALWAYS_EMBED_SWIFT_STANDARD_LIBRARIES = YES;
				BUNDLE_LOADER = "$(TEST_HOST)";
				CODE_SIGN_STYLE = Automatic;
				CURRENT_PROJECT_VERSION = 1;
				DEVELOPMENT_TEAM = 8LX2UKX6SY;
				GENERATE_INFOPLIST_FILE = YES;
				IPHONEOS_DEPLOYMENT_TARGET = 17.0;
				MARKETING_VERSION = 1.0;
				PRODUCT_BUNDLE_IDENTIFIER = varajani.iosCalculatorTests;
				PRODUCT_NAME = "$(TARGET_NAME)";
				SWIFT_EMIT_LOC_STRINGS = NO;
				SWIFT_VERSION = 5.0;
				TARGETED_DEVICE_FAMILY = "1,2";
				TEST_HOST = "$(BUILT_PRODUCTS_DIR)/iosCalculator.app/$(BUNDLE_EXECUTABLE_FOLDER_PATH)/iosCalculator";
			};
			name = Debug;
		};
		2F27B6B82AD07CDD0062640B /* Release */ = {
			isa = XCBuildConfiguration;
			buildSettings = {
				ALWAYS_EMBED_SWIFT_STANDARD_LIBRARIES = YES;
				BUNDLE_LOADER = "$(TEST_HOST)";
				CODE_SIGN_STYLE = Automatic;
				CURRENT_PROJECT_VERSION = 1;
				DEVELOPMENT_TEAM = 8LX2UKX6SY;
				GENERATE_INFOPLIST_FILE = YES;
				IPHONEOS_DEPLOYMENT_TARGET = 17.0;
				MARKETING_VERSION = 1.0;
				PRODUCT_BUNDLE_IDENTIFIER = varajani.iosCalculatorTests;
				PRODUCT_NAME = "$(TARGET_NAME)";
				SWIFT_EMIT_LOC_STRINGS = NO;
				SWIFT_VERSION = 5.0;
				TARGETED_DEVICE_FAMILY = "1,2";
				TEST_HOST = "$(BUILT_PRODUCTS_DIR)/iosCalculator.app/$(BUNDLE_EXECUTABLE_FOLDER_PATH)/iosCalculator";
			};
			name = Release;
		};
		2F27B6BA2AD07CDD0062640B /* Debug */ = {
			isa = XCBuildConfiguration;
			buildSettings = {
				ALWAYS_EMBED_SWIFT_STANDARD_LIBRARIES = YES;
				CODE_SIGN_STYLE = Automatic;
				CURRENT_PROJECT_VERSION = 1;
				DEVELOPMENT_TEAM = 8LX2UKX6SY;
				GENERATE_INFOPLIST_FILE = YES;
				MARKETING_VERSION = 1.0;
				PRODUCT_BUNDLE_IDENTIFIER = varajani.iosCalculatorUITests;
				PRODUCT_NAME = "$(TARGET_NAME)";
				SWIFT_EMIT_LOC_STRINGS = NO;
				SWIFT_VERSION = 5.0;
				TARGETED_DEVICE_FAMILY = "1,2";
				TEST_TARGET_NAME = iosCalculator;
			};
			name = Debug;
		};
		2F27B6BB2AD07CDD0062640B /* Release */ = {
			isa = XCBuildConfiguration;
			buildSettings = {
				ALWAYS_EMBED_SWIFT_STANDARD_LIBRARIES = YES;
				CODE_SIGN_STYLE = Automatic;
				CURRENT_PROJECT_VERSION = 1;
				DEVELOPMENT_TEAM = 8LX2UKX6SY;
				GENERATE_INFOPLIST_FILE = YES;
				MARKETING_VERSION = 1.0;
				PRODUCT_BUNDLE_IDENTIFIER = varajani.iosCalculatorUITests;
				PRODUCT_NAME = "$(TARGET_NAME)";
				SWIFT_EMIT_LOC_STRINGS = NO;
				SWIFT_VERSION = 5.0;
				TARGETED_DEVICE_FAMILY = "1,2";
				TEST_TARGET_NAME = iosCalculator;
			};
			name = Release;
		};
/* End XCBuildConfiguration section */

/* Begin XCConfigurationList section */
		2F27B68A2AD07CD90062640B /* Build configuration list for PBXProject "iosCalculator" */ = {
			isa = XCConfigurationList;
			buildConfigurations = (
				2F27B6B12AD07CDD0062640B /* Debug */,
				2F27B6B22AD07CDD0062640B /* Release */,
			);
			defaultConfigurationIsVisible = 0;
			defaultConfigurationName = Release;
		};
		2F27B6B32AD07CDD0062640B /* Build configuration list for PBXNativeTarget "iosCalculator" */ = {
			isa = XCConfigurationList;
			buildConfigurations = (
				2F27B6B42AD07CDD0062640B /* Debug */,
				2F27B6B52AD07CDD0062640B /* Release */,
			);
			defaultConfigurationIsVisible = 0;
			defaultConfigurationName = Release;
		};
		2F27B6B62AD07CDD0062640B /* Build configuration list for PBXNativeTarget "iosCalculatorTests" */ = {
			isa = XCConfigurationList;
			buildConfigurations = (
				2F27B6B72AD07CDD0062640B /* Debug */,
				2F27B6B82AD07CDD0062640B /* Release */,
			);
			defaultConfigurationIsVisible = 0;
			defaultConfigurationName = Release;
		};
		2F27B6B92AD07CDD0062640B /* Build configuration list for PBXNativeTarget "iosCalculatorUITests" */ = {
			isa = XCConfigurationList;
			buildConfigurations = (
				2F27B6BA2AD07CDD0062640B /* Debug */,
				2F27B6BB2AD07CDD0062640B /* Release */,
			);
			defaultConfigurationIsVisible = 0;
			defaultConfigurationName = Release;
		};
/* End XCConfigurationList section */
	};
	rootObject = 2F27B6872AD07CD90062640B /* Project object */;
}
